// !$*UTF8*$!
{
	archiveVersion = 1;
	classes = {
	};
	objectVersion = 56;
	objects = {

/* Begin PBXBuildFile section */
		6619977A2C5ACA4E00E681E3 /* client.png in Resources */ = {isa = PBXBuildFile; fileRef = 661997782C5ACA4E00E681E3 /* client.png */; };
		6619977B2C5ACA4E00E681E3 /* user.png in Resources */ = {isa = PBXBuildFile; fileRef = 661997792C5ACA4E00E681E3 /* user.png */; };
		6619977D2C5ACD8400E681E3 /* GlobalConst.swift in Sources */ = {isa = PBXBuildFile; fileRef = 6619977C2C5ACD8400E681E3 /* GlobalConst.swift */; };
		6619977F2C5ADAEA00E681E3 /* IncomingMessageCell.swift in Sources */ = {isa = PBXBuildFile; fileRef = 6619977E2C5ADAEA00E681E3 /* IncomingMessageCell.swift */; };
		661997832C5AEB3A00E681E3 /* SendMessgeView.swift in Sources */ = {isa = PBXBuildFile; fileRef = 661997822C5AEB3A00E681E3 /* SendMessgeView.swift */; };
		663B14F12C5A43DD004A189E /* Identifiable.swift in Sources */ = {isa = PBXBuildFile; fileRef = 663B14F02C5A43DD004A189E /* Identifiable.swift */; };
		663B14F32C5A4998004A189E /* MessageDataModel.swift in Sources */ = {isa = PBXBuildFile; fileRef = 663B14F22C5A4998004A189E /* MessageDataModel.swift */; };
		663B14F52C5A4AD6004A189E /* TestMessgesRepository.swift in Sources */ = {isa = PBXBuildFile; fileRef = 663B14F42C5A4AD6004A189E /* TestMessgesRepository.swift */; };
		663B14F72C5A4BEC004A189E /* MessageViewModel.swift in Sources */ = {isa = PBXBuildFile; fileRef = 663B14F62C5A4BEC004A189E /* MessageViewModel.swift */; };
		664E2F332C5D62B4009DED6F /* ImagesGalleryView.swift in Sources */ = {isa = PBXBuildFile; fileRef = 664E2F322C5D62B4009DED6F /* ImagesGalleryView.swift */; };
		66A12A442C5844FC0006467D /* AppDelegate.swift in Sources */ = {isa = PBXBuildFile; fileRef = 66A12A432C5844FC0006467D /* AppDelegate.swift */; };
		66A12A462C5844FC0006467D /* SceneDelegate.swift in Sources */ = {isa = PBXBuildFile; fileRef = 66A12A452C5844FC0006467D /* SceneDelegate.swift */; };
		66A12A482C5844FC0006467D /* ViewController.swift in Sources */ = {isa = PBXBuildFile; fileRef = 66A12A472C5844FC0006467D /* ViewController.swift */; };
		66A12A4D2C5844FD0006467D /* Assets.xcassets in Resources */ = {isa = PBXBuildFile; fileRef = 66A12A4C2C5844FD0006467D /* Assets.xcassets */; };
		66A12A502C5844FD0006467D /* LaunchScreen.storyboard in Resources */ = {isa = PBXBuildFile; fileRef = 66A12A4E2C5844FD0006467D /* LaunchScreen.storyboard */; };
		66A12A642C5845D80006467D /* MainScreenPresenter.swift in Sources */ = {isa = PBXBuildFile; fileRef = 66A12A5C2C5845D80006467D /* MainScreenPresenter.swift */; };
		66A12A652C5845D80006467D /* MainScreenContract.swift in Sources */ = {isa = PBXBuildFile; fileRef = 66A12A5D2C5845D80006467D /* MainScreenContract.swift */; };
		66A12A662C5845D80006467D /* MainScreenViewController.swift in Sources */ = {isa = PBXBuildFile; fileRef = 66A12A5F2C5845D80006467D /* MainScreenViewController.swift */; };
		66A12A672C5845D80006467D /* MainScreenInteractor.swift in Sources */ = {isa = PBXBuildFile; fileRef = 66A12A612C5845D80006467D /* MainScreenInteractor.swift */; };
		66A12A682C5845D80006467D /* MainScreenRouter.swift in Sources */ = {isa = PBXBuildFile; fileRef = 66A12A632C5845D80006467D /* MainScreenRouter.swift */; };
		66A12A6A2C584A3D0006467D /* CustomCollectionLayout.swift in Sources */ = {isa = PBXBuildFile; fileRef = 66A12A692C584A3D0006467D /* CustomCollectionLayout.swift */; };
		66A12A6C2C584C2E0006467D /* TableController.swift in Sources */ = {isa = PBXBuildFile; fileRef = 66A12A6B2C584C2E0006467D /* TableController.swift */; };
		66E71F602C59943800243DDC /* OutgoingMessageCell.swift in Sources */ = {isa = PBXBuildFile; fileRef = 66E71F5F2C59943800243DDC /* OutgoingMessageCell.swift */; };
/* End PBXBuildFile section */

/* Begin PBXFileReference section */
		661997782C5ACA4E00E681E3 /* client.png */ = {isa = PBXFileReference; lastKnownFileType = image.png; path = client.png; sourceTree = "<group>"; };
		661997792C5ACA4E00E681E3 /* user.png */ = {isa = PBXFileReference; lastKnownFileType = image.png; path = user.png; sourceTree = "<group>"; };
		6619977C2C5ACD8400E681E3 /* GlobalConst.swift */ = {isa = PBXFileReference; lastKnownFileType = sourcecode.swift; path = GlobalConst.swift; sourceTree = "<group>"; };
		6619977E2C5ADAEA00E681E3 /* IncomingMessageCell.swift */ = {isa = PBXFileReference; lastKnownFileType = sourcecode.swift; path = IncomingMessageCell.swift; sourceTree = "<group>"; };
		661997822C5AEB3A00E681E3 /* SendMessgeView.swift */ = {isa = PBXFileReference; fileEncoding = 4; lastKnownFileType = sourcecode.swift; path = SendMessgeView.swift; sourceTree = "<group>"; };
		663B14F02C5A43DD004A189E /* Identifiable.swift */ = {isa = PBXFileReference; lastKnownFileType = sourcecode.swift; path = Identifiable.swift; sourceTree = "<group>"; };
		663B14F22C5A4998004A189E /* MessageDataModel.swift */ = {isa = PBXFileReference; lastKnownFileType = sourcecode.swift; path = MessageDataModel.swift; sourceTree = "<group>"; };
		663B14F42C5A4AD6004A189E /* TestMessgesRepository.swift */ = {isa = PBXFileReference; lastKnownFileType = sourcecode.swift; path = TestMessgesRepository.swift; sourceTree = "<group>"; };
		663B14F62C5A4BEC004A189E /* MessageViewModel.swift */ = {isa = PBXFileReference; lastKnownFileType = sourcecode.swift; path = MessageViewModel.swift; sourceTree = "<group>"; };
		664E2F322C5D62B4009DED6F /* ImagesGalleryView.swift */ = {isa = PBXFileReference; lastKnownFileType = sourcecode.swift; path = ImagesGalleryView.swift; sourceTree = "<group>"; };
		66A12A402C5844FC0006467D /* CheckMessage.app */ = {isa = PBXFileReference; explicitFileType = wrapper.application; includeInIndex = 0; path = CheckMessage.app; sourceTree = BUILT_PRODUCTS_DIR; };
		66A12A432C5844FC0006467D /* AppDelegate.swift */ = {isa = PBXFileReference; lastKnownFileType = sourcecode.swift; path = AppDelegate.swift; sourceTree = "<group>"; };
		66A12A452C5844FC0006467D /* SceneDelegate.swift */ = {isa = PBXFileReference; lastKnownFileType = sourcecode.swift; path = SceneDelegate.swift; sourceTree = "<group>"; };
		66A12A472C5844FC0006467D /* ViewController.swift */ = {isa = PBXFileReference; lastKnownFileType = sourcecode.swift; path = ViewController.swift; sourceTree = "<group>"; };
		66A12A4C2C5844FD0006467D /* Assets.xcassets */ = {isa = PBXFileReference; lastKnownFileType = folder.assetcatalog; path = Assets.xcassets; sourceTree = "<group>"; };
		66A12A4F2C5844FD0006467D /* Base */ = {isa = PBXFileReference; lastKnownFileType = file.storyboard; name = Base; path = Base.lproj/LaunchScreen.storyboard; sourceTree = "<group>"; };
		66A12A512C5844FD0006467D /* Info.plist */ = {isa = PBXFileReference; lastKnownFileType = text.plist.xml; path = Info.plist; sourceTree = "<group>"; };
		66A12A5C2C5845D80006467D /* MainScreenPresenter.swift */ = {isa = PBXFileReference; fileEncoding = 4; lastKnownFileType = sourcecode.swift; path = MainScreenPresenter.swift; sourceTree = "<group>"; };
		66A12A5D2C5845D80006467D /* MainScreenContract.swift */ = {isa = PBXFileReference; fileEncoding = 4; lastKnownFileType = sourcecode.swift; path = MainScreenContract.swift; sourceTree = "<group>"; };
		66A12A5F2C5845D80006467D /* MainScreenViewController.swift */ = {isa = PBXFileReference; fileEncoding = 4; lastKnownFileType = sourcecode.swift; path = MainScreenViewController.swift; sourceTree = "<group>"; };
		66A12A612C5845D80006467D /* MainScreenInteractor.swift */ = {isa = PBXFileReference; fileEncoding = 4; lastKnownFileType = sourcecode.swift; path = MainScreenInteractor.swift; sourceTree = "<group>"; };
		66A12A632C5845D80006467D /* MainScreenRouter.swift */ = {isa = PBXFileReference; fileEncoding = 4; lastKnownFileType = sourcecode.swift; path = MainScreenRouter.swift; sourceTree = "<group>"; };
		66A12A692C584A3D0006467D /* CustomCollectionLayout.swift */ = {isa = PBXFileReference; lastKnownFileType = sourcecode.swift; path = CustomCollectionLayout.swift; sourceTree = "<group>"; };
		66A12A6B2C584C2E0006467D /* TableController.swift */ = {isa = PBXFileReference; lastKnownFileType = sourcecode.swift; path = TableController.swift; sourceTree = "<group>"; };
		66E71F5F2C59943800243DDC /* OutgoingMessageCell.swift */ = {isa = PBXFileReference; lastKnownFileType = sourcecode.swift; path = OutgoingMessageCell.swift; sourceTree = "<group>"; };
/* End PBXFileReference section */

/* Begin PBXFrameworksBuildPhase section */
		66A12A3D2C5844FC0006467D /* Frameworks */ = {
			isa = PBXFrameworksBuildPhase;
			buildActionMask = 2147483647;
			files = (
			);
			runOnlyForDeploymentPostprocessing = 0;
		};
/* End PBXFrameworksBuildPhase section */

/* Begin PBXGroup section */
		661997772C5AC97500E681E3 /* IMG */ = {
			isa = PBXGroup;
			children = (
				661997782C5ACA4E00E681E3 /* client.png */,
				661997792C5ACA4E00E681E3 /* user.png */,
			);
			path = IMG;
			sourceTree = "<group>";
		};
		663B14EF2C5A43C4004A189E /* Helpers */ = {
			isa = PBXGroup;
			children = (
				663B14F02C5A43DD004A189E /* Identifiable.swift */,
				6619977C2C5ACD8400E681E3 /* GlobalConst.swift */,
			);
			path = Helpers;
			sourceTree = "<group>";
		};
		66A12A372C5844FC0006467D = {
			isa = PBXGroup;
			children = (
				66A12A422C5844FC0006467D /* CheckMessage */,
				66A12A412C5844FC0006467D /* Products */,
			);
			sourceTree = "<group>";
		};
		66A12A412C5844FC0006467D /* Products */ = {
			isa = PBXGroup;
			children = (
				66A12A402C5844FC0006467D /* CheckMessage.app */,
			);
			name = Products;
			sourceTree = "<group>";
		};
		66A12A422C5844FC0006467D /* CheckMessage */ = {
			isa = PBXGroup;
			children = (
				661997772C5AC97500E681E3 /* IMG */,
				663B14EF2C5A43C4004A189E /* Helpers */,
				66A12A5A2C5845D80006467D /* MainScreen */,
				66A12A432C5844FC0006467D /* AppDelegate.swift */,
				66A12A452C5844FC0006467D /* SceneDelegate.swift */,
				66A12A472C5844FC0006467D /* ViewController.swift */,
				66A12A4C2C5844FD0006467D /* Assets.xcassets */,
				66A12A4E2C5844FD0006467D /* LaunchScreen.storyboard */,
				66A12A512C5844FD0006467D /* Info.plist */,
			);
			path = CheckMessage;
			sourceTree = "<group>";
		};
		66A12A5A2C5845D80006467D /* MainScreen */ = {
			isa = PBXGroup;
			children = (
				66A12A5B2C5845D80006467D /* Presenter */,
				66A12A5D2C5845D80006467D /* MainScreenContract.swift */,
				66A12A5E2C5845D80006467D /* View */,
				66A12A602C5845D80006467D /* Interactor */,
				66A12A622C5845D80006467D /* Router */,
			);
			path = MainScreen;
			sourceTree = "<group>";
		};
		66A12A5B2C5845D80006467D /* Presenter */ = {
			isa = PBXGroup;
			children = (
				66A12A5C2C5845D80006467D /* MainScreenPresenter.swift */,
				663B14F62C5A4BEC004A189E /* MessageViewModel.swift */,
			);
			path = Presenter;
			sourceTree = "<group>";
		};
		66A12A5E2C5845D80006467D /* View */ = {
			isa = PBXGroup;
			children = (
				661997822C5AEB3A00E681E3 /* SendMessgeView.swift */,
				66A12A6D2C584D1E0006467D /* Cell */,
				66A12A5F2C5845D80006467D /* MainScreenViewController.swift */,
				66A12A692C584A3D0006467D /* CustomCollectionLayout.swift */,
				66A12A6B2C584C2E0006467D /* TableController.swift */,
			);
			path = View;
			sourceTree = "<group>";
		};
		66A12A602C5845D80006467D /* Interactor */ = {
			isa = PBXGroup;
			children = (
				66A12A612C5845D80006467D /* MainScreenInteractor.swift */,
				663B14F22C5A4998004A189E /* MessageDataModel.swift */,
				663B14F42C5A4AD6004A189E /* TestMessgesRepository.swift */,
			);
			path = Interactor;
			sourceTree = "<group>";
		};
		66A12A622C5845D80006467D /* Router */ = {
			isa = PBXGroup;
			children = (
				66A12A632C5845D80006467D /* MainScreenRouter.swift */,
			);
			path = Router;
			sourceTree = "<group>";
		};
		66A12A6D2C584D1E0006467D /* Cell */ = {
			isa = PBXGroup;
			children = (
				66E71F5F2C59943800243DDC /* OutgoingMessageCell.swift */,
				6619977E2C5ADAEA00E681E3 /* IncomingMessageCell.swift */,
				664E2F322C5D62B4009DED6F /* ImagesGalleryView.swift */,
			);
			path = Cell;
			sourceTree = "<group>";
		};
/* End PBXGroup section */

/* Begin PBXNativeTarget section */
		66A12A3F2C5844FC0006467D /* CheckMessage */ = {
			isa = PBXNativeTarget;
			buildConfigurationList = 66A12A542C5844FD0006467D /* Build configuration list for PBXNativeTarget "CheckMessage" */;
			buildPhases = (
				66A12A3C2C5844FC0006467D /* Sources */,
				66A12A3D2C5844FC0006467D /* Frameworks */,
				66A12A3E2C5844FC0006467D /* Resources */,
			);
			buildRules = (
			);
			dependencies = (
			);
			name = CheckMessage;
			productName = CheckMessage;
			productReference = 66A12A402C5844FC0006467D /* CheckMessage.app */;
			productType = "com.apple.product-type.application";
		};
/* End PBXNativeTarget section */

/* Begin PBXProject section */
		66A12A382C5844FC0006467D /* Project object */ = {
			isa = PBXProject;
			attributes = {
				BuildIndependentTargetsInParallel = 1;
				LastSwiftUpdateCheck = 1510;
				LastUpgradeCheck = 1510;
				TargetAttributes = {
					66A12A3F2C5844FC0006467D = {
						CreatedOnToolsVersion = 15.1;
					};
				};
			};
			buildConfigurationList = 66A12A3B2C5844FC0006467D /* Build configuration list for PBXProject "CheckMessage" */;
			compatibilityVersion = "Xcode 14.0";
			developmentRegion = en;
			hasScannedForEncodings = 0;
			knownRegions = (
				en,
				Base,
			);
			mainGroup = 66A12A372C5844FC0006467D;
			productRefGroup = 66A12A412C5844FC0006467D /* Products */;
			projectDirPath = "";
			projectRoot = "";
			targets = (
				66A12A3F2C5844FC0006467D /* CheckMessage */,
			);
		};
/* End PBXProject section */

/* Begin PBXResourcesBuildPhase section */
		66A12A3E2C5844FC0006467D /* Resources */ = {
			isa = PBXResourcesBuildPhase;
			buildActionMask = 2147483647;
			files = (
				6619977A2C5ACA4E00E681E3 /* client.png in Resources */,
				66A12A502C5844FD0006467D /* LaunchScreen.storyboard in Resources */,
				6619977B2C5ACA4E00E681E3 /* user.png in Resources */,
				66A12A4D2C5844FD0006467D /* Assets.xcassets in Resources */,
			);
			runOnlyForDeploymentPostprocessing = 0;
		};
/* End PBXResourcesBuildPhase section */

/* Begin PBXSourcesBuildPhase section */
		66A12A3C2C5844FC0006467D /* Sources */ = {
			isa = PBXSourcesBuildPhase;
			buildActionMask = 2147483647;
			files = (
				66A12A652C5845D80006467D /* MainScreenContract.swift in Sources */,
				663B14F12C5A43DD004A189E /* Identifiable.swift in Sources */,
				66A12A672C5845D80006467D /* MainScreenInteractor.swift in Sources */,
				663B14F52C5A4AD6004A189E /* TestMessgesRepository.swift in Sources */,
				6619977D2C5ACD8400E681E3 /* GlobalConst.swift in Sources */,
				66A12A482C5844FC0006467D /* ViewController.swift in Sources */,
				661997832C5AEB3A00E681E3 /* SendMessgeView.swift in Sources */,
				66A12A6C2C584C2E0006467D /* TableController.swift in Sources */,
				663B14F32C5A4998004A189E /* MessageDataModel.swift in Sources */,
				663B14F72C5A4BEC004A189E /* MessageViewModel.swift in Sources */,
				66E71F602C59943800243DDC /* OutgoingMessageCell.swift in Sources */,
				66A12A642C5845D80006467D /* MainScreenPresenter.swift in Sources */,
				66A12A442C5844FC0006467D /* AppDelegate.swift in Sources */,
				664E2F332C5D62B4009DED6F /* ImagesGalleryView.swift in Sources */,
				66A12A462C5844FC0006467D /* SceneDelegate.swift in Sources */,
				66A12A6A2C584A3D0006467D /* CustomCollectionLayout.swift in Sources */,
				6619977F2C5ADAEA00E681E3 /* IncomingMessageCell.swift in Sources */,
				66A12A662C5845D80006467D /* MainScreenViewController.swift in Sources */,
				66A12A682C5845D80006467D /* MainScreenRouter.swift in Sources */,
			);
			runOnlyForDeploymentPostprocessing = 0;
		};
/* End PBXSourcesBuildPhase section */

/* Begin PBXVariantGroup section */
		66A12A4E2C5844FD0006467D /* LaunchScreen.storyboard */ = {
			isa = PBXVariantGroup;
			children = (
				66A12A4F2C5844FD0006467D /* Base */,
			);
			name = LaunchScreen.storyboard;
			sourceTree = "<group>";
		};
/* End PBXVariantGroup section */

/* Begin XCBuildConfiguration section */
		66A12A522C5844FD0006467D /* Debug */ = {
			isa = XCBuildConfiguration;
			buildSettings = {
				ALWAYS_SEARCH_USER_PATHS = NO;
				ASSETCATALOG_COMPILER_GENERATE_SWIFT_ASSET_SYMBOL_EXTENSIONS = YES;
				CLANG_ANALYZER_NONNULL = YES;
				CLANG_ANALYZER_NUMBER_OBJECT_CONVERSION = YES_AGGRESSIVE;
				CLANG_CXX_LANGUAGE_STANDARD = "gnu++20";
				CLANG_ENABLE_MODULES = YES;
				CLANG_ENABLE_OBJC_ARC = YES;
				CLANG_ENABLE_OBJC_WEAK = YES;
				CLANG_WARN_BLOCK_CAPTURE_AUTORELEASING = YES;
				CLANG_WARN_BOOL_CONVERSION = YES;
				CLANG_WARN_COMMA = YES;
				CLANG_WARN_CONSTANT_CONVERSION = YES;
				CLANG_WARN_DEPRECATED_OBJC_IMPLEMENTATIONS = YES;
				CLANG_WARN_DIRECT_OBJC_ISA_USAGE = YES_ERROR;
				CLANG_WARN_DOCUMENTATION_COMMENTS = YES;
				CLANG_WARN_EMPTY_BODY = YES;
				CLANG_WARN_ENUM_CONVERSION = YES;
				CLANG_WARN_INFINITE_RECURSION = YES;
				CLANG_WARN_INT_CONVERSION = YES;
				CLANG_WARN_NON_LITERAL_NULL_CONVERSION = YES;
				CLANG_WARN_OBJC_IMPLICIT_RETAIN_SELF = YES;
				CLANG_WARN_OBJC_LITERAL_CONVERSION = YES;
				CLANG_WARN_OBJC_ROOT_CLASS = YES_ERROR;
				CLANG_WARN_QUOTED_INCLUDE_IN_FRAMEWORK_HEADER = YES;
				CLANG_WARN_RANGE_LOOP_ANALYSIS = YES;
				CLANG_WARN_STRICT_PROTOTYPES = YES;
				CLANG_WARN_SUSPICIOUS_MOVE = YES;
				CLANG_WARN_UNGUARDED_AVAILABILITY = YES_AGGRESSIVE;
				CLANG_WARN_UNREACHABLE_CODE = YES;
				CLANG_WARN__DUPLICATE_METHOD_MATCH = YES;
				COPY_PHASE_STRIP = NO;
				DEBUG_INFORMATION_FORMAT = dwarf;
				ENABLE_STRICT_OBJC_MSGSEND = YES;
				ENABLE_TESTABILITY = YES;
				ENABLE_USER_SCRIPT_SANDBOXING = YES;
				GCC_C_LANGUAGE_STANDARD = gnu17;
				GCC_DYNAMIC_NO_PIC = NO;
				GCC_NO_COMMON_BLOCKS = YES;
				GCC_OPTIMIZATION_LEVEL = 0;
				GCC_PREPROCESSOR_DEFINITIONS = (
					"DEBUG=1",
					"$(inherited)",
				);
				GCC_WARN_64_TO_32_BIT_CONVERSION = YES;
				GCC_WARN_ABOUT_RETURN_TYPE = YES_ERROR;
				GCC_WARN_UNDECLARED_SELECTOR = YES;
				GCC_WARN_UNINITIALIZED_AUTOS = YES_AGGRESSIVE;
				GCC_WARN_UNUSED_FUNCTION = YES;
				GCC_WARN_UNUSED_VARIABLE = YES;
				IPHONEOS_DEPLOYMENT_TARGET = 17.2;
				LOCALIZATION_PREFERS_STRING_CATALOGS = YES;
				MTL_ENABLE_DEBUG_INFO = INCLUDE_SOURCE;
				MTL_FAST_MATH = YES;
				ONLY_ACTIVE_ARCH = YES;
				SDKROOT = iphoneos;
				SWIFT_ACTIVE_COMPILATION_CONDITIONS = "DEBUG $(inherited)";
				SWIFT_OPTIMIZATION_LEVEL = "-Onone";
			};
			name = Debug;
		};
		66A12A532C5844FD0006467D /* Release */ = {
			isa = XCBuildConfiguration;
			buildSettings = {
				ALWAYS_SEARCH_USER_PATHS = NO;
				ASSETCATALOG_COMPILER_GENERATE_SWIFT_ASSET_SYMBOL_EXTENSIONS = YES;
				CLANG_ANALYZER_NONNULL = YES;
				CLANG_ANALYZER_NUMBER_OBJECT_CONVERSION = YES_AGGRESSIVE;
				CLANG_CXX_LANGUAGE_STANDARD = "gnu++20";
				CLANG_ENABLE_MODULES = YES;
				CLANG_ENABLE_OBJC_ARC = YES;
				CLANG_ENABLE_OBJC_WEAK = YES;
				CLANG_WARN_BLOCK_CAPTURE_AUTORELEASING = YES;
				CLANG_WARN_BOOL_CONVERSION = YES;
				CLANG_WARN_COMMA = YES;
				CLANG_WARN_CONSTANT_CONVERSION = YES;
				CLANG_WARN_DEPRECATED_OBJC_IMPLEMENTATIONS = YES;
				CLANG_WARN_DIRECT_OBJC_ISA_USAGE = YES_ERROR;
				CLANG_WARN_DOCUMENTATION_COMMENTS = YES;
				CLANG_WARN_EMPTY_BODY = YES;
				CLANG_WARN_ENUM_CONVERSION = YES;
				CLANG_WARN_INFINITE_RECURSION = YES;
				CLANG_WARN_INT_CONVERSION = YES;
				CLANG_WARN_NON_LITERAL_NULL_CONVERSION = YES;
				CLANG_WARN_OBJC_IMPLICIT_RETAIN_SELF = YES;
				CLANG_WARN_OBJC_LITERAL_CONVERSION = YES;
				CLANG_WARN_OBJC_ROOT_CLASS = YES_ERROR;
				CLANG_WARN_QUOTED_INCLUDE_IN_FRAMEWORK_HEADER = YES;
				CLANG_WARN_RANGE_LOOP_ANALYSIS = YES;
				CLANG_WARN_STRICT_PROTOTYPES = YES;
				CLANG_WARN_SUSPICIOUS_MOVE = YES;
				CLANG_WARN_UNGUARDED_AVAILABILITY = YES_AGGRESSIVE;
				CLANG_WARN_UNREACHABLE_CODE = YES;
				CLANG_WARN__DUPLICATE_METHOD_MATCH = YES;
				COPY_PHASE_STRIP = NO;
				DEBUG_INFORMATION_FORMAT = "dwarf-with-dsym";
				ENABLE_NS_ASSERTIONS = NO;
				ENABLE_STRICT_OBJC_MSGSEND = YES;
				ENABLE_USER_SCRIPT_SANDBOXING = YES;
				GCC_C_LANGUAGE_STANDARD = gnu17;
				GCC_NO_COMMON_BLOCKS = YES;
				GCC_WARN_64_TO_32_BIT_CONVERSION = YES;
				GCC_WARN_ABOUT_RETURN_TYPE = YES_ERROR;
				GCC_WARN_UNDECLARED_SELECTOR = YES;
				GCC_WARN_UNINITIALIZED_AUTOS = YES_AGGRESSIVE;
				GCC_WARN_UNUSED_FUNCTION = YES;
				GCC_WARN_UNUSED_VARIABLE = YES;
				IPHONEOS_DEPLOYMENT_TARGET = 17.2;
				LOCALIZATION_PREFERS_STRING_CATALOGS = YES;
				MTL_ENABLE_DEBUG_INFO = NO;
				MTL_FAST_MATH = YES;
				SDKROOT = iphoneos;
				SWIFT_COMPILATION_MODE = wholemodule;
				VALIDATE_PRODUCT = YES;
			};
			name = Release;
		};
		66A12A552C5844FD0006467D /* Debug */ = {
			isa = XCBuildConfiguration;
			buildSettings = {
				ASSETCATALOG_COMPILER_APPICON_NAME = AppIcon;
				ASSETCATALOG_COMPILER_GLOBAL_ACCENT_COLOR_NAME = AccentColor;
				CODE_SIGN_STYLE = Automatic;
				CURRENT_PROJECT_VERSION = 1;
				DEVELOPMENT_TEAM = X4WZHB92AJ;
				GENERATE_INFOPLIST_FILE = YES;
				INFOPLIST_FILE = CheckMessage/Info.plist;
				INFOPLIST_KEY_NSPhotoLibraryUsageDescription = "To send in message";
				INFOPLIST_KEY_UIApplicationSupportsIndirectInputEvents = YES;
				INFOPLIST_KEY_UILaunchStoryboardName = LaunchScreen;
				INFOPLIST_KEY_UISupportedInterfaceOrientations_iPad = "UIInterfaceOrientationPortrait UIInterfaceOrientationPortraitUpsideDown UIInterfaceOrientationLandscapeLeft UIInterfaceOrientationLandscapeRight";
				INFOPLIST_KEY_UISupportedInterfaceOrientations_iPhone = "UIInterfaceOrientationPortrait UIInterfaceOrientationLandscapeLeft UIInterfaceOrientationLandscapeRight";
				LD_RUNPATH_SEARCH_PATHS = (
					"$(inherited)",
					"@executable_path/Frameworks",
				);
				MARKETING_VERSION = 1.0;
				PRODUCT_BUNDLE_IDENTIFIER = com.frolow.check.CheckMessage;
				PRODUCT_NAME = "$(TARGET_NAME)";
				SWIFT_EMIT_LOC_STRINGS = YES;
				SWIFT_VERSION = 5.0;
				TARGETED_DEVICE_FAMILY = "1,2";
			};
			name = Debug;
		};
		66A12A562C5844FD0006467D /* Release */ = {
			isa = XCBuildConfiguration;
			buildSettings = {
				ASSETCATALOG_COMPILER_APPICON_NAME = AppIcon;
				ASSETCATALOG_COMPILER_GLOBAL_ACCENT_COLOR_NAME = AccentColor;
				CODE_SIGN_STYLE = Automatic;
				CURRENT_PROJECT_VERSION = 1;
				DEVELOPMENT_TEAM = X4WZHB92AJ;
				GENERATE_INFOPLIST_FILE = YES;
				INFOPLIST_FILE = CheckMessage/Info.plist;
				INFOPLIST_KEY_NSPhotoLibraryUsageDescription = "To send in message";
				INFOPLIST_KEY_UIApplicationSupportsIndirectInputEvents = YES;
				INFOPLIST_KEY_UILaunchStoryboardName = LaunchScreen;
				INFOPLIST_KEY_UISupportedInterfaceOrientations_iPad = "UIInterfaceOrientationPortrait UIInterfaceOrientationPortraitUpsideDown UIInterfaceOrientationLandscapeLeft UIInterfaceOrientationLandscapeRight";
				INFOPLIST_KEY_UISupportedInterfaceOrientations_iPhone = "UIInterfaceOrientationPortrait UIInterfaceOrientationLandscapeLeft UIInterfaceOrientationLandscapeRight";
				LD_RUNPATH_SEARCH_PATHS = (
					"$(inherited)",
					"@executable_path/Frameworks",
				);
				MARKETING_VERSION = 1.0;
				PRODUCT_BUNDLE_IDENTIFIER = com.frolow.check.CheckMessage;
				PRODUCT_NAME = "$(TARGET_NAME)";
				SWIFT_EMIT_LOC_STRINGS = YES;
				SWIFT_VERSION = 5.0;
				TARGETED_DEVICE_FAMILY = "1,2";
			};
			name = Release;
		};
/* End XCBuildConfiguration section */

/* Begin XCConfigurationList section */
		66A12A3B2C5844FC0006467D /* Build configuration list for PBXProject "CheckMessage" */ = {
			isa = XCConfigurationList;
			buildConfigurations = (
				66A12A522C5844FD0006467D /* Debug */,
				66A12A532C5844FD0006467D /* Release */,
			);
			defaultConfigurationIsVisible = 0;
			defaultConfigurationName = Release;
		};
		66A12A542C5844FD0006467D /* Build configuration list for PBXNativeTarget "CheckMessage" */ = {
			isa = XCConfigurationList;
			buildConfigurations = (
				66A12A552C5844FD0006467D /* Debug */,
				66A12A562C5844FD0006467D /* Release */,
			);
			defaultConfigurationIsVisible = 0;
			defaultConfigurationName = Release;
		};
/* End XCConfigurationList section */
	};
	rootObject = 66A12A382C5844FC0006467D /* Project object */;
}
